// !$*UTF8*$!
{
	archiveVersion = 1;
	classes = {
	};
	objectVersion = 50;
	objects = {

/* Begin PBXBuildFile section */
		302C632423A16E1F009AD840 /* AppDelegate.swift in Sources */ = {isa = PBXBuildFile; fileRef = 302C632323A16E1F009AD840 /* AppDelegate.swift */; };
		302C632623A16E1F009AD840 /* SceneDelegate.swift in Sources */ = {isa = PBXBuildFile; fileRef = 302C632523A16E1F009AD840 /* SceneDelegate.swift */; };
		302C632823A16E1F009AD840 /* MainViewController.swift in Sources */ = {isa = PBXBuildFile; fileRef = 302C632723A16E1F009AD840 /* MainViewController.swift */; };
		302C632B23A16E1F009AD840 /* Main.storyboard in Resources */ = {isa = PBXBuildFile; fileRef = 302C632923A16E1F009AD840 /* Main.storyboard */; };
		302C632D23A16E28009AD840 /* Assets.xcassets in Resources */ = {isa = PBXBuildFile; fileRef = 302C632C23A16E28009AD840 /* Assets.xcassets */; };
		302C633023A16E28009AD840 /* LaunchScreen.storyboard in Resources */ = {isa = PBXBuildFile; fileRef = 302C632E23A16E28009AD840 /* LaunchScreen.storyboard */; };
		302C633923A16FD6009AD840 /* CoreBluetooth.framework in Frameworks */ = {isa = PBXBuildFile; fileRef = 302C633823A16FD6009AD840 /* CoreBluetooth.framework */; };
		302C633D23A17294009AD840 /* ScanTableTableViewController.swift in Sources */ = {isa = PBXBuildFile; fileRef = 302C633C23A17294009AD840 /* ScanTableTableViewController.swift */; };
/* End PBXBuildFile section */

/* Begin PBXFileReference section */
		302C632023A16E1F009AD840 /* BLED.app */ = {isa = PBXFileReference; explicitFileType = wrapper.application; includeInIndex = 0; path = BLED.app; sourceTree = BUILT_PRODUCTS_DIR; };
		302C632323A16E1F009AD840 /* AppDelegate.swift */ = {isa = PBXFileReference; lastKnownFileType = sourcecode.swift; path = AppDelegate.swift; sourceTree = "<group>"; };
		302C632523A16E1F009AD840 /* SceneDelegate.swift */ = {isa = PBXFileReference; lastKnownFileType = sourcecode.swift; path = SceneDelegate.swift; sourceTree = "<group>"; };
		302C632723A16E1F009AD840 /* MainViewController.swift */ = {isa = PBXFileReference; lastKnownFileType = sourcecode.swift; path = MainViewController.swift; sourceTree = "<group>"; };
		302C632A23A16E1F009AD840 /* Base */ = {isa = PBXFileReference; lastKnownFileType = file.storyboard; name = Base; path = Base.lproj/Main.storyboard; sourceTree = "<group>"; };
		302C632C23A16E28009AD840 /* Assets.xcassets */ = {isa = PBXFileReference; lastKnownFileType = folder.assetcatalog; path = Assets.xcassets; sourceTree = "<group>"; };
		302C632F23A16E28009AD840 /* Base */ = {isa = PBXFileReference; lastKnownFileType = file.storyboard; name = Base; path = Base.lproj/LaunchScreen.storyboard; sourceTree = "<group>"; };
		302C633123A16E28009AD840 /* Info.plist */ = {isa = PBXFileReference; lastKnownFileType = text.plist.xml; path = Info.plist; sourceTree = "<group>"; };
		302C633823A16FD6009AD840 /* CoreBluetooth.framework */ = {isa = PBXFileReference; lastKnownFileType = wrapper.framework; name = CoreBluetooth.framework; path = System/Library/Frameworks/CoreBluetooth.framework; sourceTree = SDKROOT; };
		302C633C23A17294009AD840 /* ScanTableTableViewController.swift */ = {isa = PBXFileReference; lastKnownFileType = sourcecode.swift; path = ScanTableTableViewController.swift; sourceTree = "<group>"; };
/* End PBXFileReference section */

/* Begin PBXFrameworksBuildPhase section */
		302C631D23A16E1E009AD840 /* Frameworks */ = {
			isa = PBXFrameworksBuildPhase;
			buildActionMask = 2147483647;
			files = (
				302C633923A16FD6009AD840 /* CoreBluetooth.framework in Frameworks */,
			);
			runOnlyForDeploymentPostprocessing = 0;
		};
/* End PBXFrameworksBuildPhase section */

/* Begin PBXGroup section */
		302C631723A16E1E009AD840 = {
			isa = PBXGroup;
			children = (
				302C632223A16E1F009AD840 /* BLED */,
				302C632123A16E1F009AD840 /* Products */,
				302C633723A16FD5009AD840 /* Frameworks */,
			);
			sourceTree = "<group>";
		};
		302C632123A16E1F009AD840 /* Products */ = {
			isa = PBXGroup;
			children = (
				302C632023A16E1F009AD840 /* BLED.app */,
			);
			name = Products;
			sourceTree = "<group>";
		};
		302C632223A16E1F009AD840 /* BLED */ = {
			isa = PBXGroup;
			children = (
				302C632323A16E1F009AD840 /* AppDelegate.swift */,
				302C632523A16E1F009AD840 /* SceneDelegate.swift */,
				302C632723A16E1F009AD840 /* MainViewController.swift */,
				302C632923A16E1F009AD840 /* Main.storyboard */,
				302C632C23A16E28009AD840 /* Assets.xcassets */,
				302C632E23A16E28009AD840 /* LaunchScreen.storyboard */,
				302C633123A16E28009AD840 /* Info.plist */,
				302C633C23A17294009AD840 /* ScanTableTableViewController.swift */,
			);
			path = BLED;
			sourceTree = "<group>";
		};
		302C633723A16FD5009AD840 /* Frameworks */ = {
			isa = PBXGroup;
			children = (
				302C633823A16FD6009AD840 /* CoreBluetooth.framework */,
			);
			name = Frameworks;
			sourceTree = "<group>";
		};
/* End PBXGroup section */

/* Begin PBXNativeTarget section */
		302C631F23A16E1E009AD840 /* BLED */ = {
			isa = PBXNativeTarget;
			buildConfigurationList = 302C633423A16E28009AD840 /* Build configuration list for PBXNativeTarget "BLED" */;
			buildPhases = (
				302C631C23A16E1E009AD840 /* Sources */,
				302C631D23A16E1E009AD840 /* Frameworks */,
				302C631E23A16E1E009AD840 /* Resources */,
			);
			buildRules = (
			);
			dependencies = (
			);
			name = BLED;
			productName = BLED;
			productReference = 302C632023A16E1F009AD840 /* BLED.app */;
			productType = "com.apple.product-type.application";
		};
/* End PBXNativeTarget section */

/* Begin PBXProject section */
		302C631823A16E1E009AD840 /* Project object */ = {
			isa = PBXProject;
			attributes = {
				LastSwiftUpdateCheck = 1120;
				LastUpgradeCheck = 1120;
				ORGANIZATIONNAME = "Roman Matusewicz";
				TargetAttributes = {
					302C631F23A16E1E009AD840 = {
						CreatedOnToolsVersion = 11.2.1;
					};
				};
			};
			buildConfigurationList = 302C631B23A16E1E009AD840 /* Build configuration list for PBXProject "BLED" */;
			compatibilityVersion = "Xcode 9.3";
			developmentRegion = en;
			hasScannedForEncodings = 0;
			knownRegions = (
				en,
				Base,
			);
			mainGroup = 302C631723A16E1E009AD840;
			productRefGroup = 302C632123A16E1F009AD840 /* Products */;
			projectDirPath = "";
			projectRoot = "";
			targets = (
				302C631F23A16E1E009AD840 /* BLED */,
			);
		};
/* End PBXProject section */

/* Begin PBXResourcesBuildPhase section */
		302C631E23A16E1E009AD840 /* Resources */ = {
			isa = PBXResourcesBuildPhase;
			buildActionMask = 2147483647;
			files = (
				302C633023A16E28009AD840 /* LaunchScreen.storyboard in Resources */,
				302C632D23A16E28009AD840 /* Assets.xcassets in Resources */,
				302C632B23A16E1F009AD840 /* Main.storyboard in Resources */,
			);
			runOnlyForDeploymentPostprocessing = 0;
		};
/* End PBXResourcesBuildPhase section */

/* Begin PBXSourcesBuildPhase section */
		302C631C23A16E1E009AD840 /* Sources */ = {
			isa = PBXSourcesBuildPhase;
			buildActionMask = 2147483647;
			files = (
				302C632823A16E1F009AD840 /* MainViewController.swift in Sources */,
				302C633D23A17294009AD840 /* ScanTableTableViewController.swift in Sources */,
				302C632423A16E1F009AD840 /* AppDelegate.swift in Sources */,
				302C632623A16E1F009AD840 /* SceneDelegate.swift in Sources */,
			);
			runOnlyForDeploymentPostprocessing = 0;
		};
/* End PBXSourcesBuildPhase section */

/* Begin PBXVariantGroup section */
		302C632923A16E1F009AD840 /* Main.storyboard */ = {
			isa = PBXVariantGroup;
			children = (
				302C632A23A16E1F009AD840 /* Base */,
			);
			name = Main.storyboard;
			sourceTree = "<group>";
		};
		302C632E23A16E28009AD840 /* LaunchScreen.storyboard */ = {
			isa = PBXVariantGroup;
			children = (
				302C632F23A16E28009AD840 /* Base */,
			);
			name = LaunchScreen.storyboard;
			sourceTree = "<group>";
		};
/* End PBXVariantGroup section */

/* Begin XCBuildConfiguration section */
		302C633223A16E28009AD840 /* Debug */ = {
			isa = XCBuildConfiguration;
			buildSettings = {
				ALWAYS_SEARCH_USER_PATHS = NO;
				CLANG_ANALYZER_NONNULL = YES;
				CLANG_ANALYZER_NUMBER_OBJECT_CONVERSION = YES_AGGRESSIVE;
				CLANG_CXX_LANGUAGE_STANDARD = "gnu++14";
				CLANG_CXX_LIBRARY = "libc++";
				CLANG_ENABLE_MODULES = YES;
				CLANG_ENABLE_OBJC_ARC = YES;
				CLANG_ENABLE_OBJC_WEAK = YES;
				CLANG_WARN_BLOCK_CAPTURE_AUTORELEASING = YES;
				CLANG_WARN_BOOL_CONVERSION = YES;
				CLANG_WARN_COMMA = YES;
				CLANG_WARN_CONSTANT_CONVERSION = YES;
				CLANG_WARN_DEPRECATED_OBJC_IMPLEMENTATIONS = YES;
				CLANG_WARN_DIRECT_OBJC_ISA_USAGE = YES_ERROR;
				CLANG_WARN_DOCUMENTATION_COMMENTS = YES;
				CLANG_WARN_EMPTY_BODY = YES;
				CLANG_WARN_ENUM_CONVERSION = YES;
				CLANG_WARN_INFINITE_RECURSION = YES;
				CLANG_WARN_INT_CONVERSION = YES;
				CLANG_WARN_NON_LITERAL_NULL_CONVERSION = YES;
				CLANG_WARN_OBJC_IMPLICIT_RETAIN_SELF = YES;
				CLANG_WARN_OBJC_LITERAL_CONVERSION = YES;
				CLANG_WARN_OBJC_ROOT_CLASS = YES_ERROR;
				CLANG_WARN_RANGE_LOOP_ANALYSIS = YES;
				CLANG_WARN_STRICT_PROTOTYPES = YES;
				CLANG_WARN_SUSPICIOUS_MOVE = YES;
				CLANG_WARN_UNGUARDED_AVAILABILITY = YES_AGGRESSIVE;
				CLANG_WARN_UNREACHABLE_CODE = YES;
				CLANG_WARN__DUPLICATE_METHOD_MATCH = YES;
				COPY_PHASE_STRIP = NO;
				DEBUG_INFORMATION_FORMAT = dwarf;
				ENABLE_STRICT_OBJC_MSGSEND = YES;
				ENABLE_TESTABILITY = YES;
				GCC_C_LANGUAGE_STANDARD = gnu11;
				GCC_DYNAMIC_NO_PIC = NO;
				GCC_NO_COMMON_BLOCKS = YES;
				GCC_OPTIMIZATION_LEVEL = 0;
				GCC_PREPROCESSOR_DEFINITIONS = (
					"DEBUG=1",
					"$(inherited)",
				);
				GCC_WARN_64_TO_32_BIT_CONVERSION = YES;
				GCC_WARN_ABOUT_RETURN_TYPE = YES_ERROR;
				GCC_WARN_UNDECLARED_SELECTOR = YES;
				GCC_WARN_UNINITIALIZED_AUTOS = YES_AGGRESSIVE;
				GCC_WARN_UNUSED_FUNCTION = YES;
				GCC_WARN_UNUSED_VARIABLE = YES;
				IPHONEOS_DEPLOYMENT_TARGET = 13.2;
				MTL_ENABLE_DEBUG_INFO = INCLUDE_SOURCE;
				MTL_FAST_MATH = YES;
				ONLY_ACTIVE_ARCH = YES;
				SDKROOT = iphoneos;
				SWIFT_ACTIVE_COMPILATION_CONDITIONS = DEBUG;
				SWIFT_OPTIMIZATION_LEVEL = "-Onone";
			};
			name = Debug;
		};
		302C633323A16E28009AD840 /* Release */ = {
			isa = XCBuildConfiguration;
			buildSettings = {
				ALWAYS_SEARCH_USER_PATHS = NO;
				CLANG_ANALYZER_NONNULL = YES;
				CLANG_ANALYZER_NUMBER_OBJECT_CONVERSION = YES_AGGRESSIVE;
				CLANG_CXX_LANGUAGE_STANDARD = "gnu++14";
				CLANG_CXX_LIBRARY = "libc++";
				CLANG_ENABLE_MODULES = YES;
				CLANG_ENABLE_OBJC_ARC = YES;
				CLANG_ENABLE_OBJC_WEAK = YES;
				CLANG_WARN_BLOCK_CAPTURE_AUTORELEASING = YES;
				CLANG_WARN_BOOL_CONVERSION = YES;
				CLANG_WARN_COMMA = YES;
				CLANG_WARN_CONSTANT_CONVERSION = YES;
				CLANG_WARN_DEPRECATED_OBJC_IMPLEMENTATIONS = YES;
				CLANG_WARN_DIRECT_OBJC_ISA_USAGE = YES_ERROR;
				CLANG_WARN_DOCUMENTATION_COMMENTS = YES;
				CLANG_WARN_EMPTY_BODY = YES;
				CLANG_WARN_ENUM_CONVERSION = YES;
				CLANG_WARN_INFINITE_RECURSION = YES;
				CLANG_WARN_INT_CONVERSION = YES;
				CLANG_WARN_NON_LITERAL_NULL_CONVERSION = YES;
				CLANG_WARN_OBJC_IMPLICIT_RETAIN_SELF = YES;
				CLANG_WARN_OBJC_LITERAL_CONVERSION = YES;
				CLANG_WARN_OBJC_ROOT_CLASS = YES_ERROR;
				CLANG_WARN_RANGE_LOOP_ANALYSIS = YES;
				CLANG_WARN_STRICT_PROTOTYPES = YES;
				CLANG_WARN_SUSPICIOUS_MOVE = YES;
				CLANG_WARN_UNGUARDED_AVAILABILITY = YES_AGGRESSIVE;
				CLANG_WARN_UNREACHABLE_CODE = YES;
				CLANG_WARN__DUPLICATE_METHOD_MATCH = YES;
				COPY_PHASE_STRIP = NO;
				DEBUG_INFORMATION_FORMAT = "dwarf-with-dsym";
				ENABLE_NS_ASSERTIONS = NO;
				ENABLE_STRICT_OBJC_MSGSEND = YES;
				GCC_C_LANGUAGE_STANDARD = gnu11;
				GCC_NO_COMMON_BLOCKS = YES;
				GCC_WARN_64_TO_32_BIT_CONVERSION = YES;
				GCC_WARN_ABOUT_RETURN_TYPE = YES_ERROR;
				GCC_WARN_UNDECLARED_SELECTOR = YES;
				GCC_WARN_UNINITIALIZED_AUTOS = YES_AGGRESSIVE;
				GCC_WARN_UNUSED_FUNCTION = YES;
				GCC_WARN_UNUSED_VARIABLE = YES;
				IPHONEOS_DEPLOYMENT_TARGET = 13.2;
				MTL_ENABLE_DEBUG_INFO = NO;
				MTL_FAST_MATH = YES;
				SDKROOT = iphoneos;
				SWIFT_COMPILATION_MODE = wholemodule;
				SWIFT_OPTIMIZATION_LEVEL = "-O";
				VALIDATE_PRODUCT = YES;
			};
			name = Release;
		};
		302C633523A16E28009AD840 /* Debug */ = {
			isa = XCBuildConfiguration;
			buildSettings = {
				ASSETCATALOG_COMPILER_APPICON_NAME = AppIcon;
				CODE_SIGN_STYLE = Automatic;
				DEVELOPMENT_TEAM = 848HKWGJRR;
				INFOPLIST_FILE = BLED/Info.plist;
				IPHONEOS_DEPLOYMENT_TARGET = 13.0;
				LD_RUNPATH_SEARCH_PATHS = (
					"$(inherited)",
					"@executable_path/Frameworks",
				);
				PRODUCT_BUNDLE_IDENTIFIER = com.rrentertaiment.BLED;
				PRODUCT_NAME = "$(TARGET_NAME)";
				SWIFT_VERSION = 5.0;
				TARGETED_DEVICE_FAMILY = "1,2";
			};
			name = Debug;
		};
		302C633623A16E28009AD840 /* Release */ = {
			isa = XCBuildConfiguration;
			buildSettings = {
				ASSETCATALOG_COMPILER_APPICON_NAME = AppIcon;
				CODE_SIGN_STYLE = Automatic;
				DEVELOPMENT_TEAM = 848HKWGJRR;
				INFOPLIST_FILE = BLED/Info.plist;
				IPHONEOS_DEPLOYMENT_TARGET = 13.0;
				LD_RUNPATH_SEARCH_PATHS = (
					"$(inherited)",
					"@executable_path/Frameworks",
				);
				PRODUCT_BUNDLE_IDENTIFIER = com.rrentertaiment.BLED;
				PRODUCT_NAME = "$(TARGET_NAME)";
				SWIFT_VERSION = 5.0;
				TARGETED_DEVICE_FAMILY = "1,2";
			};
			name = Release;
		};
/* End XCBuildConfiguration section */

/* Begin XCConfigurationList section */
		302C631B23A16E1E009AD840 /* Build configuration list for PBXProject "BLED" */ = {
			isa = XCConfigurationList;
			buildConfigurations = (
				302C633223A16E28009AD840 /* Debug */,
				302C633323A16E28009AD840 /* Release */,
			);
			defaultConfigurationIsVisible = 0;
			defaultConfigurationName = Release;
		};
		302C633423A16E28009AD840 /* Build configuration list for PBXNativeTarget "BLED" */ = {
			isa = XCConfigurationList;
			buildConfigurations = (
				302C633523A16E28009AD840 /* Debug */,
				302C633623A16E28009AD840 /* Release */,
			);
			defaultConfigurationIsVisible = 0;
			defaultConfigurationName = Release;
		};
/* End XCConfigurationList section */
	};
	rootObject = 302C631823A16E1E009AD840 /* Project object */;
}
